
Microsoft Visual Studio Solution File, Format Version 12.00
# Visual Studio 15
VisualStudioVersion = 15.0.28307.757
MinimumVisualStudioVersion = 10.0.40219.1
Project("{8BC9CEB8-8B4A-11D0-8D11-00A0C91BC942}") = "Project7", "Project7\Project7.vcxproj", "{EEC1E22A-9972-4682-B243-B3FBD1FA1C1A}"
EndProject
Global
	GlobalSection(SolutionConfigurationPlatforms) = preSolution
		Debug|x64 = Debug|x64
		Debug|x86 = Debug|x86
		Release|x64 = Release|x64
		Release|x86 = Release|x86
	EndGlobalSection
	GlobalSection(ProjectConfigurationPlatforms) = postSolution
		{EEC1E22A-9972-4682-B243-B3FBD1FA1C1A}.Debug|x64.ActiveCfg = Debug|x64
		{EEC1E22A-9972-4682-B243-B3FBD1FA1C1A}.Debug|x64.Build.0 = Debug|x64
		{EEC1E22A-9972-4682-B243-B3FBD1FA1C1A}.Debug|x86.ActiveCfg = Debug|Win32
		{EEC1E22A-9972-4682-B243-B3FBD1FA1C1A}.Debug|x86.Build.0 = Debug|Win32
		{EEC1E22A-9972-4682-B243-B3FBD1FA1C1A}.Release|x64.ActiveCfg = Release|x64
		{EEC1E22A-9972-4682-B243-B3FBD1FA1C1A}.Release|x64.Build.0 = Release|x64
		{EEC1E22A-9972-4682-B243-B3FBD1FA1C1A}.Release|x86.ActiveCfg = Release|Win32
		{EEC1E22A-9972-4682-B243-B3FBD1FA1C1A}.Release|x86.Build.0 = Release|Win32
	EndGlobalSection
	GlobalSection(SolutionProperties) = preSolution
		HideSolutionNode = FALSE
	EndGlobalSection
	GlobalSection(ExtensibilityGlobals) = postSolution
		SolutionGuid = {99612A61-8668-4D50-AF81-EA246F240E86}
	EndGlobalSection
EndGlobal
